// !$*UTF8*$!
{
	archiveVersion = 1;
	classes = {
	};
	objectVersion = 50;
	objects = {

/* Begin PBXBuildFile section */
		3068E88721B65E3D002F1277 /* AppDelegate.swift in Sources */ = {isa = PBXBuildFile; fileRef = 3068E88621B65E3D002F1277 /* AppDelegate.swift */; };
		3068E88921B65E3D002F1277 /* ViewController.swift in Sources */ = {isa = PBXBuildFile; fileRef = 3068E88821B65E3D002F1277 /* ViewController.swift */; };
		3068E88C21B65E3D002F1277 /* Main.storyboard in Resources */ = {isa = PBXBuildFile; fileRef = 3068E88A21B65E3D002F1277 /* Main.storyboard */; };
		3068E88E21B65E41002F1277 /* Assets.xcassets in Resources */ = {isa = PBXBuildFile; fileRef = 3068E88D21B65E41002F1277 /* Assets.xcassets */; };
		3068E89121B65E41002F1277 /* LaunchScreen.storyboard in Resources */ = {isa = PBXBuildFile; fileRef = 3068E88F21B65E41002F1277 /* LaunchScreen.storyboard */; };
		3068E89C21B65E42002F1277 /* RotaryWheelTests.swift in Sources */ = {isa = PBXBuildFile; fileRef = 3068E89B21B65E42002F1277 /* RotaryWheelTests.swift */; };
		3068E8A721B65E42002F1277 /* RotaryWheelUITests.swift in Sources */ = {isa = PBXBuildFile; fileRef = 3068E8A621B65E42002F1277 /* RotaryWheelUITests.swift */; };
		3068E8B521B65F09002F1277 /* RotaryWheel.swift in Sources */ = {isa = PBXBuildFile; fileRef = 3068E8B421B65F09002F1277 /* RotaryWheel.swift */; };
		3068E8B721B65F35002F1277 /* RotaryProtocol.swift in Sources */ = {isa = PBXBuildFile; fileRef = 3068E8B621B65F35002F1277 /* RotaryProtocol.swift */; };
		3068E8B921B77026002F1277 /* Clove.swift in Sources */ = {isa = PBXBuildFile; fileRef = 3068E8B821B77026002F1277 /* Clove.swift */; };
/* End PBXBuildFile section */

/* Begin PBXContainerItemProxy section */
		3068E89821B65E42002F1277 /* PBXContainerItemProxy */ = {
			isa = PBXContainerItemProxy;
			containerPortal = 3068E87B21B65E3C002F1277 /* Project object */;
			proxyType = 1;
			remoteGlobalIDString = 3068E88221B65E3D002F1277;
			remoteInfo = RotaryWheel;
		};
		3068E8A321B65E42002F1277 /* PBXContainerItemProxy */ = {
			isa = PBXContainerItemProxy;
			containerPortal = 3068E87B21B65E3C002F1277 /* Project object */;
			proxyType = 1;
			remoteGlobalIDString = 3068E88221B65E3D002F1277;
			remoteInfo = RotaryWheel;
		};
/* End PBXContainerItemProxy section */

/* Begin PBXFileReference section */
		3068E88321B65E3D002F1277 /* RotaryWheel.app */ = {isa = PBXFileReference; explicitFileType = wrapper.application; includeInIndex = 0; path = RotaryWheel.app; sourceTree = BUILT_PRODUCTS_DIR; };
		3068E88621B65E3D002F1277 /* AppDelegate.swift */ = {isa = PBXFileReference; lastKnownFileType = sourcecode.swift; path = AppDelegate.swift; sourceTree = "<group>"; };
		3068E88821B65E3D002F1277 /* ViewController.swift */ = {isa = PBXFileReference; lastKnownFileType = sourcecode.swift; path = ViewController.swift; sourceTree = "<group>"; };
		3068E88B21B65E3D002F1277 /* Base */ = {isa = PBXFileReference; lastKnownFileType = file.storyboard; name = Base; path = Base.lproj/Main.storyboard; sourceTree = "<group>"; };
		3068E88D21B65E41002F1277 /* Assets.xcassets */ = {isa = PBXFileReference; lastKnownFileType = folder.assetcatalog; path = Assets.xcassets; sourceTree = "<group>"; };
		3068E89021B65E41002F1277 /* Base */ = {isa = PBXFileReference; lastKnownFileType = file.storyboard; name = Base; path = Base.lproj/LaunchScreen.storyboard; sourceTree = "<group>"; };
		3068E89221B65E41002F1277 /* Info.plist */ = {isa = PBXFileReference; lastKnownFileType = text.plist.xml; path = Info.plist; sourceTree = "<group>"; };
		3068E89721B65E42002F1277 /* RotaryWheelTests.xctest */ = {isa = PBXFileReference; explicitFileType = wrapper.cfbundle; includeInIndex = 0; path = RotaryWheelTests.xctest; sourceTree = BUILT_PRODUCTS_DIR; };
		3068E89B21B65E42002F1277 /* RotaryWheelTests.swift */ = {isa = PBXFileReference; lastKnownFileType = sourcecode.swift; path = RotaryWheelTests.swift; sourceTree = "<group>"; };
		3068E89D21B65E42002F1277 /* Info.plist */ = {isa = PBXFileReference; lastKnownFileType = text.plist.xml; path = Info.plist; sourceTree = "<group>"; };
		3068E8A221B65E42002F1277 /* RotaryWheelUITests.xctest */ = {isa = PBXFileReference; explicitFileType = wrapper.cfbundle; includeInIndex = 0; path = RotaryWheelUITests.xctest; sourceTree = BUILT_PRODUCTS_DIR; };
		3068E8A621B65E42002F1277 /* RotaryWheelUITests.swift */ = {isa = PBXFileReference; lastKnownFileType = sourcecode.swift; path = RotaryWheelUITests.swift; sourceTree = "<group>"; };
		3068E8A821B65E42002F1277 /* Info.plist */ = {isa = PBXFileReference; lastKnownFileType = text.plist.xml; path = Info.plist; sourceTree = "<group>"; };
		3068E8B421B65F09002F1277 /* RotaryWheel.swift */ = {isa = PBXFileReference; lastKnownFileType = sourcecode.swift; path = RotaryWheel.swift; sourceTree = "<group>"; };
		3068E8B621B65F35002F1277 /* RotaryProtocol.swift */ = {isa = PBXFileReference; lastKnownFileType = sourcecode.swift; path = RotaryProtocol.swift; sourceTree = "<group>"; };
		3068E8B821B77026002F1277 /* Clove.swift */ = {isa = PBXFileReference; lastKnownFileType = sourcecode.swift; path = Clove.swift; sourceTree = "<group>"; };
/* End PBXFileReference section */

/* Begin PBXFrameworksBuildPhase section */
		3068E88021B65E3D002F1277 /* Frameworks */ = {
			isa = PBXFrameworksBuildPhase;
			buildActionMask = 2147483647;
			files = (
			);
			runOnlyForDeploymentPostprocessing = 0;
		};
		3068E89421B65E42002F1277 /* Frameworks */ = {
			isa = PBXFrameworksBuildPhase;
			buildActionMask = 2147483647;
			files = (
			);
			runOnlyForDeploymentPostprocessing = 0;
		};
		3068E89F21B65E42002F1277 /* Frameworks */ = {
			isa = PBXFrameworksBuildPhase;
			buildActionMask = 2147483647;
			files = (
			);
			runOnlyForDeploymentPostprocessing = 0;
		};
/* End PBXFrameworksBuildPhase section */

/* Begin PBXGroup section */
		3068E87A21B65E3C002F1277 = {
			isa = PBXGroup;
			children = (
				3068E88521B65E3D002F1277 /* RotaryWheel */,
				3068E89A21B65E42002F1277 /* RotaryWheelTests */,
				3068E8A521B65E42002F1277 /* RotaryWheelUITests */,
				3068E88421B65E3D002F1277 /* Products */,
			);
			sourceTree = "<group>";
		};
		3068E88421B65E3D002F1277 /* Products */ = {
			isa = PBXGroup;
			children = (
				3068E88321B65E3D002F1277 /* RotaryWheel.app */,
				3068E89721B65E42002F1277 /* RotaryWheelTests.xctest */,
				3068E8A221B65E42002F1277 /* RotaryWheelUITests.xctest */,
			);
			name = Products;
			sourceTree = "<group>";
		};
		3068E88521B65E3D002F1277 /* RotaryWheel */ = {
			isa = PBXGroup;
			children = (
				3068E88621B65E3D002F1277 /* AppDelegate.swift */,
				3068E88821B65E3D002F1277 /* ViewController.swift */,
				3068E88A21B65E3D002F1277 /* Main.storyboard */,
				3068E88D21B65E41002F1277 /* Assets.xcassets */,
				3068E88F21B65E41002F1277 /* LaunchScreen.storyboard */,
				3068E89221B65E41002F1277 /* Info.plist */,
				3068E8B421B65F09002F1277 /* RotaryWheel.swift */,
				3068E8B621B65F35002F1277 /* RotaryProtocol.swift */,
				3068E8B821B77026002F1277 /* Clove.swift */,
			);
			path = RotaryWheel;
			sourceTree = "<group>";
		};
		3068E89A21B65E42002F1277 /* RotaryWheelTests */ = {
			isa = PBXGroup;
			children = (
				3068E89B21B65E42002F1277 /* RotaryWheelTests.swift */,
				3068E89D21B65E42002F1277 /* Info.plist */,
			);
			path = RotaryWheelTests;
			sourceTree = "<group>";
		};
		3068E8A521B65E42002F1277 /* RotaryWheelUITests */ = {
			isa = PBXGroup;
			children = (
				3068E8A621B65E42002F1277 /* RotaryWheelUITests.swift */,
				3068E8A821B65E42002F1277 /* Info.plist */,
			);
			path = RotaryWheelUITests;
			sourceTree = "<group>";
		};
/* End PBXGroup section */

/* Begin PBXNativeTarget section */
		3068E88221B65E3D002F1277 /* RotaryWheel */ = {
			isa = PBXNativeTarget;
			buildConfigurationList = 3068E8AB21B65E42002F1277 /* Build configuration list for PBXNativeTarget "RotaryWheel" */;
			buildPhases = (
				3068E87F21B65E3D002F1277 /* Sources */,
				3068E88021B65E3D002F1277 /* Frameworks */,
				3068E88121B65E3D002F1277 /* Resources */,
			);
			buildRules = (
			);
			dependencies = (
			);
			name = RotaryWheel;
			productName = RotaryWheel;
			productReference = 3068E88321B65E3D002F1277 /* RotaryWheel.app */;
			productType = "com.apple.product-type.application";
		};
		3068E89621B65E42002F1277 /* RotaryWheelTests */ = {
			isa = PBXNativeTarget;
			buildConfigurationList = 3068E8AE21B65E42002F1277 /* Build configuration list for PBXNativeTarget "RotaryWheelTests" */;
			buildPhases = (
				3068E89321B65E42002F1277 /* Sources */,
				3068E89421B65E42002F1277 /* Frameworks */,
				3068E89521B65E42002F1277 /* Resources */,
			);
			buildRules = (
			);
			dependencies = (
				3068E89921B65E42002F1277 /* PBXTargetDependency */,
			);
			name = RotaryWheelTests;
			productName = RotaryWheelTests;
			productReference = 3068E89721B65E42002F1277 /* RotaryWheelTests.xctest */;
			productType = "com.apple.product-type.bundle.unit-test";
		};
		3068E8A121B65E42002F1277 /* RotaryWheelUITests */ = {
			isa = PBXNativeTarget;
			buildConfigurationList = 3068E8B121B65E42002F1277 /* Build configuration list for PBXNativeTarget "RotaryWheelUITests" */;
			buildPhases = (
				3068E89E21B65E42002F1277 /* Sources */,
				3068E89F21B65E42002F1277 /* Frameworks */,
				3068E8A021B65E42002F1277 /* Resources */,
			);
			buildRules = (
			);
			dependencies = (
				3068E8A421B65E42002F1277 /* PBXTargetDependency */,
			);
			name = RotaryWheelUITests;
			productName = RotaryWheelUITests;
			productReference = 3068E8A221B65E42002F1277 /* RotaryWheelUITests.xctest */;
			productType = "com.apple.product-type.bundle.ui-testing";
		};
/* End PBXNativeTarget section */

/* Begin PBXProject section */
		3068E87B21B65E3C002F1277 /* Project object */ = {
			isa = PBXProject;
			attributes = {
				LastSwiftUpdateCheck = 1010;
				LastUpgradeCheck = 1010;
				ORGANIZATIONNAME = "Personal Factory";
				TargetAttributes = {
					3068E88221B65E3D002F1277 = {
						CreatedOnToolsVersion = 10.1;
					};
					3068E89621B65E42002F1277 = {
						CreatedOnToolsVersion = 10.1;
						TestTargetID = 3068E88221B65E3D002F1277;
					};
					3068E8A121B65E42002F1277 = {
						CreatedOnToolsVersion = 10.1;
						TestTargetID = 3068E88221B65E3D002F1277;
					};
				};
			};
			buildConfigurationList = 3068E87E21B65E3C002F1277 /* Build configuration list for PBXProject "RotaryWheel" */;
			compatibilityVersion = "Xcode 9.3";
			developmentRegion = en;
			hasScannedForEncodings = 0;
			knownRegions = (
				en,
				Base,
			);
			mainGroup = 3068E87A21B65E3C002F1277;
			productRefGroup = 3068E88421B65E3D002F1277 /* Products */;
			projectDirPath = "";
			projectRoot = "";
			targets = (
				3068E88221B65E3D002F1277 /* RotaryWheel */,
				3068E89621B65E42002F1277 /* RotaryWheelTests */,
				3068E8A121B65E42002F1277 /* RotaryWheelUITests */,
			);
		};
/* End PBXProject section */

/* Begin PBXResourcesBuildPhase section */
		3068E88121B65E3D002F1277 /* Resources */ = {
			isa = PBXResourcesBuildPhase;
			buildActionMask = 2147483647;
			files = (
				3068E89121B65E41002F1277 /* LaunchScreen.storyboard in Resources */,
				3068E88E21B65E41002F1277 /* Assets.xcassets in Resources */,
				3068E88C21B65E3D002F1277 /* Main.storyboard in Resources */,
			);
			runOnlyForDeploymentPostprocessing = 0;
		};
		3068E89521B65E42002F1277 /* Resources */ = {
			isa = PBXResourcesBuildPhase;
			buildActionMask = 2147483647;
			files = (
			);
			runOnlyForDeploymentPostprocessing = 0;
		};
		3068E8A021B65E42002F1277 /* Resources */ = {
			isa = PBXResourcesBuildPhase;
			buildActionMask = 2147483647;
			files = (
			);
			runOnlyForDeploymentPostprocessing = 0;
		};
/* End PBXResourcesBuildPhase section */

/* Begin PBXSourcesBuildPhase section */
		3068E87F21B65E3D002F1277 /* Sources */ = {
			isa = PBXSourcesBuildPhase;
			buildActionMask = 2147483647;
			files = (
				3068E88921B65E3D002F1277 /* ViewController.swift in Sources */,
				3068E8B921B77026002F1277 /* Clove.swift in Sources */,
				3068E88721B65E3D002F1277 /* AppDelegate.swift in Sources */,
				3068E8B721B65F35002F1277 /* RotaryProtocol.swift in Sources */,
				3068E8B521B65F09002F1277 /* RotaryWheel.swift in Sources */,
			);
			runOnlyForDeploymentPostprocessing = 0;
		};
		3068E89321B65E42002F1277 /* Sources */ = {
			isa = PBXSourcesBuildPhase;
			buildActionMask = 2147483647;
			files = (
				3068E89C21B65E42002F1277 /* RotaryWheelTests.swift in Sources */,
			);
			runOnlyForDeploymentPostprocessing = 0;
		};
		3068E89E21B65E42002F1277 /* Sources */ = {
			isa = PBXSourcesBuildPhase;
			buildActionMask = 2147483647;
			files = (
				3068E8A721B65E42002F1277 /* RotaryWheelUITests.swift in Sources */,
			);
			runOnlyForDeploymentPostprocessing = 0;
		};
/* End PBXSourcesBuildPhase section */

/* Begin PBXTargetDependency section */
		3068E89921B65E42002F1277 /* PBXTargetDependency */ = {
			isa = PBXTargetDependency;
			target = 3068E88221B65E3D002F1277 /* RotaryWheel */;
			targetProxy = 3068E89821B65E42002F1277 /* PBXContainerItemProxy */;
		};
		3068E8A421B65E42002F1277 /* PBXTargetDependency */ = {
			isa = PBXTargetDependency;
			target = 3068E88221B65E3D002F1277 /* RotaryWheel */;
			targetProxy = 3068E8A321B65E42002F1277 /* PBXContainerItemProxy */;
		};
/* End PBXTargetDependency section */

/* Begin PBXVariantGroup section */
		3068E88A21B65E3D002F1277 /* Main.storyboard */ = {
			isa = PBXVariantGroup;
			children = (
				3068E88B21B65E3D002F1277 /* Base */,
			);
			name = Main.storyboard;
			sourceTree = "<group>";
		};
		3068E88F21B65E41002F1277 /* LaunchScreen.storyboard */ = {
			isa = PBXVariantGroup;
			children = (
				3068E89021B65E41002F1277 /* Base */,
			);
			name = LaunchScreen.storyboard;
			sourceTree = "<group>";
		};
/* End PBXVariantGroup section */

/* Begin XCBuildConfiguration section */
		3068E8A921B65E42002F1277 /* Debug */ = {
			isa = XCBuildConfiguration;
			buildSettings = {
				ALWAYS_SEARCH_USER_PATHS = NO;
				CLANG_ANALYZER_NONNULL = YES;
				CLANG_ANALYZER_NUMBER_OBJECT_CONVERSION = YES_AGGRESSIVE;
				CLANG_CXX_LANGUAGE_STANDARD = "gnu++14";
				CLANG_CXX_LIBRARY = "libc++";
				CLANG_ENABLE_MODULES = YES;
				CLANG_ENABLE_OBJC_ARC = YES;
				CLANG_ENABLE_OBJC_WEAK = YES;
				CLANG_WARN_BLOCK_CAPTURE_AUTORELEASING = YES;
				CLANG_WARN_BOOL_CONVERSION = YES;
				CLANG_WARN_COMMA = YES;
				CLANG_WARN_CONSTANT_CONVERSION = YES;
				CLANG_WARN_DEPRECATED_OBJC_IMPLEMENTATIONS = YES;
				CLANG_WARN_DIRECT_OBJC_ISA_USAGE = YES_ERROR;
				CLANG_WARN_DOCUMENTATION_COMMENTS = YES;
				CLANG_WARN_EMPTY_BODY = YES;
				CLANG_WARN_ENUM_CONVERSION = YES;
				CLANG_WARN_INFINITE_RECURSION = YES;
				CLANG_WARN_INT_CONVERSION = YES;
				CLANG_WARN_NON_LITERAL_NULL_CONVERSION = YES;
				CLANG_WARN_OBJC_IMPLICIT_RETAIN_SELF = YES;
				CLANG_WARN_OBJC_LITERAL_CONVERSION = YES;
				CLANG_WARN_OBJC_ROOT_CLASS = YES_ERROR;
				CLANG_WARN_RANGE_LOOP_ANALYSIS = YES;
				CLANG_WARN_STRICT_PROTOTYPES = YES;
				CLANG_WARN_SUSPICIOUS_MOVE = YES;
				CLANG_WARN_UNGUARDED_AVAILABILITY = YES_AGGRESSIVE;
				CLANG_WARN_UNREACHABLE_CODE = YES;
				CLANG_WARN__DUPLICATE_METHOD_MATCH = YES;
				CODE_SIGN_IDENTITY = "iPhone Developer";
				COPY_PHASE_STRIP = NO;
				DEBUG_INFORMATION_FORMAT = dwarf;
				ENABLE_STRICT_OBJC_MSGSEND = YES;
				ENABLE_TESTABILITY = YES;
				GCC_C_LANGUAGE_STANDARD = gnu11;
				GCC_DYNAMIC_NO_PIC = NO;
				GCC_NO_COMMON_BLOCKS = YES;
				GCC_OPTIMIZATION_LEVEL = 0;
				GCC_PREPROCESSOR_DEFINITIONS = (
					"DEBUG=1",
					"$(inherited)",
				);
				GCC_WARN_64_TO_32_BIT_CONVERSION = YES;
				GCC_WARN_ABOUT_RETURN_TYPE = YES_ERROR;
				GCC_WARN_UNDECLARED_SELECTOR = YES;
				GCC_WARN_UNINITIALIZED_AUTOS = YES_AGGRESSIVE;
				GCC_WARN_UNUSED_FUNCTION = YES;
				GCC_WARN_UNUSED_VARIABLE = YES;
				IPHONEOS_DEPLOYMENT_TARGET = 12.1;
				MTL_ENABLE_DEBUG_INFO = INCLUDE_SOURCE;
				MTL_FAST_MATH = YES;
				ONLY_ACTIVE_ARCH = YES;
				SDKROOT = iphoneos;
				SWIFT_ACTIVE_COMPILATION_CONDITIONS = DEBUG;
				SWIFT_OPTIMIZATION_LEVEL = "-Onone";
			};
			name = Debug;
		};
		3068E8AA21B65E42002F1277 /* Release */ = {
			isa = XCBuildConfiguration;
			buildSettings = {
				ALWAYS_SEARCH_USER_PATHS = NO;
				CLANG_ANALYZER_NONNULL = YES;
				CLANG_ANALYZER_NUMBER_OBJECT_CONVERSION = YES_AGGRESSIVE;
				CLANG_CXX_LANGUAGE_STANDARD = "gnu++14";
				CLANG_CXX_LIBRARY = "libc++";
				CLANG_ENABLE_MODULES = YES;
				CLANG_ENABLE_OBJC_ARC = YES;
				CLANG_ENABLE_OBJC_WEAK = YES;
				CLANG_WARN_BLOCK_CAPTURE_AUTORELEASING = YES;
				CLANG_WARN_BOOL_CONVERSION = YES;
				CLANG_WARN_COMMA = YES;
				CLANG_WARN_CONSTANT_CONVERSION = YES;
				CLANG_WARN_DEPRECATED_OBJC_IMPLEMENTATIONS = YES;
				CLANG_WARN_DIRECT_OBJC_ISA_USAGE = YES_ERROR;
				CLANG_WARN_DOCUMENTATION_COMMENTS = YES;
				CLANG_WARN_EMPTY_BODY = YES;
				CLANG_WARN_ENUM_CONVERSION = YES;
				CLANG_WARN_INFINITE_RECURSION = YES;
				CLANG_WARN_INT_CONVERSION = YES;
				CLANG_WARN_NON_LITERAL_NULL_CONVERSION = YES;
				CLANG_WARN_OBJC_IMPLICIT_RETAIN_SELF = YES;
				CLANG_WARN_OBJC_LITERAL_CONVERSION = YES;
				CLANG_WARN_OBJC_ROOT_CLASS = YES_ERROR;
				CLANG_WARN_RANGE_LOOP_ANALYSIS = YES;
				CLANG_WARN_STRICT_PROTOTYPES = YES;
				CLANG_WARN_SUSPICIOUS_MOVE = YES;
				CLANG_WARN_UNGUARDED_AVAILABILITY = YES_AGGRESSIVE;
				CLANG_WARN_UNREACHABLE_CODE = YES;
				CLANG_WARN__DUPLICATE_METHOD_MATCH = YES;
				CODE_SIGN_IDENTITY = "iPhone Developer";
				COPY_PHASE_STRIP = NO;
				DEBUG_INFORMATION_FORMAT = "dwarf-with-dsym";
				ENABLE_NS_ASSERTIONS = NO;
				ENABLE_STRICT_OBJC_MSGSEND = YES;
				GCC_C_LANGUAGE_STANDARD = gnu11;
				GCC_NO_COMMON_BLOCKS = YES;
				GCC_WARN_64_TO_32_BIT_CONVERSION = YES;
				GCC_WARN_ABOUT_RETURN_TYPE = YES_ERROR;
				GCC_WARN_UNDECLARED_SELECTOR = YES;
				GCC_WARN_UNINITIALIZED_AUTOS = YES_AGGRESSIVE;
				GCC_WARN_UNUSED_FUNCTION = YES;
				GCC_WARN_UNUSED_VARIABLE = YES;
				IPHONEOS_DEPLOYMENT_TARGET = 12.1;
				MTL_ENABLE_DEBUG_INFO = NO;
				MTL_FAST_MATH = YES;
				SDKROOT = iphoneos;
				SWIFT_COMPILATION_MODE = wholemodule;
				SWIFT_OPTIMIZATION_LEVEL = "-O";
				VALIDATE_PRODUCT = YES;
			};
			name = Release;
		};
		3068E8AC21B65E42002F1277 /* Debug */ = {
			isa = XCBuildConfiguration;
			buildSettings = {
				ASSETCATALOG_COMPILER_APPICON_NAME = AppIcon;
				CODE_SIGN_STYLE = Automatic;
				DEVELOPMENT_TEAM = WNEUDLL4LF;
				INFOPLIST_FILE = RotaryWheel/Info.plist;
				LD_RUNPATH_SEARCH_PATHS = (
					"$(inherited)",
					"@executable_path/Frameworks",
				);
				PRODUCT_BUNDLE_IDENTIFIER = "com.personal-factory.RotaryWheel";
				PRODUCT_NAME = "$(TARGET_NAME)";
				SWIFT_VERSION = 4.2;
				TARGETED_DEVICE_FAMILY = "1,2";
			};
			name = Debug;
		};
		3068E8AD21B65E42002F1277 /* Release */ = {
			isa = XCBuildConfiguration;
			buildSettings = {
				ASSETCATALOG_COMPILER_APPICON_NAME = AppIcon;
				CODE_SIGN_STYLE = Automatic;
				DEVELOPMENT_TEAM = WNEUDLL4LF;
				INFOPLIST_FILE = RotaryWheel/Info.plist;
				LD_RUNPATH_SEARCH_PATHS = (
					"$(inherited)",
					"@executable_path/Frameworks",
				);
				PRODUCT_BUNDLE_IDENTIFIER = "com.personal-factory.RotaryWheel";
				PRODUCT_NAME = "$(TARGET_NAME)";
				SWIFT_VERSION = 4.2;
				TARGETED_DEVICE_FAMILY = "1,2";
			};
			name = Release;
		};
		3068E8AF21B65E42002F1277 /* Debug */ = {
			isa = XCBuildConfiguration;
			buildSettings = {
				ALWAYS_EMBED_SWIFT_STANDARD_LIBRARIES = YES;
				BUNDLE_LOADER = "$(TEST_HOST)";
				CODE_SIGN_STYLE = Automatic;
				DEVELOPMENT_TEAM = WNEUDLL4LF;
				INFOPLIST_FILE = RotaryWheelTests/Info.plist;
				LD_RUNPATH_SEARCH_PATHS = (
					"$(inherited)",
					"@executable_path/Frameworks",
					"@loader_path/Frameworks",
				);
				PRODUCT_BUNDLE_IDENTIFIER = "com.personal-factory.RotaryWheelTests";
				PRODUCT_NAME = "$(TARGET_NAME)";
				SWIFT_VERSION = 4.2;
				TARGETED_DEVICE_FAMILY = "1,2";
				TEST_HOST = "$(BUILT_PRODUCTS_DIR)/RotaryWheel.app/RotaryWheel";
			};
			name = Debug;
		};
		3068E8B021B65E42002F1277 /* Release */ = {
			isa = XCBuildConfiguration;
			buildSettings = {
				ALWAYS_EMBED_SWIFT_STANDARD_LIBRARIES = YES;
				BUNDLE_LOADER = "$(TEST_HOST)";
				CODE_SIGN_STYLE = Automatic;
				DEVELOPMENT_TEAM = WNEUDLL4LF;
				INFOPLIST_FILE = RotaryWheelTests/Info.plist;
				LD_RUNPATH_SEARCH_PATHS = (
					"$(inherited)",
					"@executable_path/Frameworks",
					"@loader_path/Frameworks",
				);
				PRODUCT_BUNDLE_IDENTIFIER = "com.personal-factory.RotaryWheelTests";
				PRODUCT_NAME = "$(TARGET_NAME)";
				SWIFT_VERSION = 4.2;
				TARGETED_DEVICE_FAMILY = "1,2";
				TEST_HOST = "$(BUILT_PRODUCTS_DIR)/RotaryWheel.app/RotaryWheel";
			};
			name = Release;
		};
		3068E8B221B65E42002F1277 /* Debug */ = {
			isa = XCBuildConfiguration;
			buildSettings = {
				ALWAYS_EMBED_SWIFT_STANDARD_LIBRARIES = YES;
				CODE_SIGN_STYLE = Automatic;
				DEVELOPMENT_TEAM = WNEUDLL4LF;
				INFOPLIST_FILE = RotaryWheelUITests/Info.plist;
				LD_RUNPATH_SEARCH_PATHS = (
					"$(inherited)",
					"@executable_path/Frameworks",
					"@loader_path/Frameworks",
				);
				PRODUCT_BUNDLE_IDENTIFIER = "com.personal-factory.RotaryWheelUITests";
				PRODUCT_NAME = "$(TARGET_NAME)";
				SWIFT_VERSION = 4.2;
				TARGETED_DEVICE_FAMILY = "1,2";
				TEST_TARGET_NAME = RotaryWheel;
			};
			name = Debug;
		};
		3068E8B321B65E42002F1277 /* Release */ = {
			isa = XCBuildConfiguration;
			buildSettings = {
				ALWAYS_EMBED_SWIFT_STANDARD_LIBRARIES = YES;
				CODE_SIGN_STYLE = Automatic;
				DEVELOPMENT_TEAM = WNEUDLL4LF;
				INFOPLIST_FILE = RotaryWheelUITests/Info.plist;
				LD_RUNPATH_SEARCH_PATHS = (
					"$(inherited)",
					"@executable_path/Frameworks",
					"@loader_path/Frameworks",
				);
				PRODUCT_BUNDLE_IDENTIFIER = "com.personal-factory.RotaryWheelUITests";
				PRODUCT_NAME = "$(TARGET_NAME)";
				SWIFT_VERSION = 4.2;
				TARGETED_DEVICE_FAMILY = "1,2";
				TEST_TARGET_NAME = RotaryWheel;
			};
			name = Release;
		};
/* End XCBuildConfiguration section */

/* Begin XCConfigurationList section */
		3068E87E21B65E3C002F1277 /* Build configuration list for PBXProject "RotaryWheel" */ = {
			isa = XCConfigurationList;
			buildConfigurations = (
				3068E8A921B65E42002F1277 /* Debug */,
				3068E8AA21B65E42002F1277 /* Release */,
			);
			defaultConfigurationIsVisible = 0;
			defaultConfigurationName = Release;
		};
		3068E8AB21B65E42002F1277 /* Build configuration list for PBXNativeTarget "RotaryWheel" */ = {
			isa = XCConfigurationList;
			buildConfigurations = (
				3068E8AC21B65E42002F1277 /* Debug */,
				3068E8AD21B65E42002F1277 /* Release */,
			);
			defaultConfigurationIsVisible = 0;
			defaultConfigurationName = Release;
		};
		3068E8AE21B65E42002F1277 /* Build configuration list for PBXNativeTarget "RotaryWheelTests" */ = {
			isa = XCConfigurationList;
			buildConfigurations = (
				3068E8AF21B65E42002F1277 /* Debug */,
				3068E8B021B65E42002F1277 /* Release */,
			);
			defaultConfigurationIsVisible = 0;
			defaultConfigurationName = Release;
		};
		3068E8B121B65E42002F1277 /* Build configuration list for PBXNativeTarget "RotaryWheelUITests" */ = {
			isa = XCConfigurationList;
			buildConfigurations = (
				3068E8B221B65E42002F1277 /* Debug */,
				3068E8B321B65E42002F1277 /* Release */,
			);
			defaultConfigurationIsVisible = 0;
			defaultConfigurationName = Release;
		};
/* End XCConfigurationList section */
	};
	rootObject = 3068E87B21B65E3C002F1277 /* Project object */;
}
